# This file is automatically @generated by Cargo.
# It is not intended for manual editing.
version = 3

[[package]]
name = "portmidi"
version = "0.2.6"
source = "registry+https://github.com/rust-lang/crates.io-index"
checksum = "c0435af166954f03ac6817104a3a34b2c660b7c46e243e1ee2f60f3fdf6d49b7"

[[package]]
name = "rigor"
version = "0.1.0"
dependencies = [
 "portmidi",
]
